// !$*UTF8*$!
{
	archiveVersion = 1;
	classes = {
	};
	objectVersion = 50;
	objects = {

/* Begin PBXBuildFile section */
		512C6D6622DC9B9900BC6C05 /* item.swift in Sources */ = {isa = PBXBuildFile; fileRef = 512C6D6522DC9B9900BC6C05 /* item.swift */; };
		519BCDA622D702AD00168621 /* AppDelegate.swift in Sources */ = {isa = PBXBuildFile; fileRef = 519BCDA522D702AD00168621 /* AppDelegate.swift */; };
		519BCDA822D702AD00168621 /* TodoListVC.swift in Sources */ = {isa = PBXBuildFile; fileRef = 519BCDA722D702AD00168621 /* TodoListVC.swift */; };
		519BCDAB22D702AD00168621 /* Main.storyboard in Resources */ = {isa = PBXBuildFile; fileRef = 519BCDA922D702AD00168621 /* Main.storyboard */; };
		519BCDAD22D702B000168621 /* Assets.xcassets in Resources */ = {isa = PBXBuildFile; fileRef = 519BCDAC22D702B000168621 /* Assets.xcassets */; };
		519BCDB022D702B000168621 /* LaunchScreen.storyboard in Resources */ = {isa = PBXBuildFile; fileRef = 519BCDAE22D702B000168621 /* LaunchScreen.storyboard */; };
		51B2DB6422DE9CFF002B6E1C /* DataModel.xcdatamodeld in Sources */ = {isa = PBXBuildFile; fileRef = 51B2DB6222DE9CFF002B6E1C /* DataModel.xcdatamodeld */; };
/* End PBXBuildFile section */

/* Begin PBXFileReference section */
		512C6D6522DC9B9900BC6C05 /* item.swift */ = {isa = PBXFileReference; lastKnownFileType = sourcecode.swift; path = item.swift; sourceTree = "<group>"; };
		519BCDA222D702AD00168621 /* Todoey.app */ = {isa = PBXFileReference; explicitFileType = wrapper.application; includeInIndex = 0; path = Todoey.app; sourceTree = BUILT_PRODUCTS_DIR; };
		519BCDA522D702AD00168621 /* AppDelegate.swift */ = {isa = PBXFileReference; lastKnownFileType = sourcecode.swift; path = AppDelegate.swift; sourceTree = "<group>"; };
		519BCDA722D702AD00168621 /* TodoListVC.swift */ = {isa = PBXFileReference; lastKnownFileType = sourcecode.swift; path = TodoListVC.swift; sourceTree = "<group>"; };
		519BCDAA22D702AD00168621 /* Base */ = {isa = PBXFileReference; lastKnownFileType = file.storyboard; name = Base; path = Base.lproj/Main.storyboard; sourceTree = "<group>"; };
		519BCDAC22D702B000168621 /* Assets.xcassets */ = {isa = PBXFileReference; lastKnownFileType = folder.assetcatalog; path = Assets.xcassets; sourceTree = "<group>"; };
		519BCDAF22D702B000168621 /* Base */ = {isa = PBXFileReference; lastKnownFileType = file.storyboard; name = Base; path = Base.lproj/LaunchScreen.storyboard; sourceTree = "<group>"; };
		519BCDB122D702B000168621 /* Info.plist */ = {isa = PBXFileReference; lastKnownFileType = text.plist.xml; path = Info.plist; sourceTree = "<group>"; };
		51B2DB6322DE9CFF002B6E1C /* DataModel.xcdatamodel */ = {isa = PBXFileReference; lastKnownFileType = wrapper.xcdatamodel; path = DataModel.xcdatamodel; sourceTree = "<group>"; };
/* End PBXFileReference section */

/* Begin PBXFrameworksBuildPhase section */
		519BCD9F22D702AD00168621 /* Frameworks */ = {
			isa = PBXFrameworksBuildPhase;
			buildActionMask = 2147483647;
			files = (
			);
			runOnlyForDeploymentPostprocessing = 0;
		};
/* End PBXFrameworksBuildPhase section */

/* Begin PBXGroup section */
		512C6D6722DC9BB300BC6C05 /* Data Model */ = {
			isa = PBXGroup;
			children = (
				512C6D6522DC9B9900BC6C05 /* item.swift */,
				51B2DB6222DE9CFF002B6E1C /* DataModel.xcdatamodeld */,
			);
			path = "Data Model";
			sourceTree = "<group>";
		};
		512C6D6822DC9BC300BC6C05 /* Controller */ = {
			isa = PBXGroup;
			children = (
				519BCDA722D702AD00168621 /* TodoListVC.swift */,
			);
			path = Controller;
			sourceTree = "<group>";
		};
		512C6D6922DC9BE000BC6C05 /* View */ = {
			isa = PBXGroup;
			children = (
				519BCDA922D702AD00168621 /* Main.storyboard */,
			);
			path = View;
			sourceTree = "<group>";
		};
		512C6D6A22DC9BF800BC6C05 /* Supporting files */ = {
			isa = PBXGroup;
			children = (
				519BCDAE22D702B000168621 /* LaunchScreen.storyboard */,
				519BCDAC22D702B000168621 /* Assets.xcassets */,
			);
			path = "Supporting files";
			sourceTree = "<group>";
		};
		519BCD9922D702AD00168621 = {
			isa = PBXGroup;
			children = (
				519BCDA422D702AD00168621 /* Todoey */,
				519BCDA322D702AD00168621 /* Products */,
			);
			sourceTree = "<group>";
		};
		519BCDA322D702AD00168621 /* Products */ = {
			isa = PBXGroup;
			children = (
				519BCDA222D702AD00168621 /* Todoey.app */,
			);
			name = Products;
			sourceTree = "<group>";
		};
		519BCDA422D702AD00168621 /* Todoey */ = {
			isa = PBXGroup;
			children = (
				519BCDA522D702AD00168621 /* AppDelegate.swift */,
				512C6D6822DC9BC300BC6C05 /* Controller */,
				512C6D6722DC9BB300BC6C05 /* Data Model */,
				512C6D6922DC9BE000BC6C05 /* View */,
				512C6D6A22DC9BF800BC6C05 /* Supporting files */,
				519BCDB122D702B000168621 /* Info.plist */,
			);
			path = Todoey;
			sourceTree = "<group>";
		};
/* End PBXGroup section */

/* Begin PBXNativeTarget section */
		519BCDA122D702AD00168621 /* Todoey */ = {
			isa = PBXNativeTarget;
			buildConfigurationList = 519BCDB422D702B000168621 /* Build configuration list for PBXNativeTarget "Todoey" */;
			buildPhases = (
				519BCD9E22D702AD00168621 /* Sources */,
				519BCD9F22D702AD00168621 /* Frameworks */,
				519BCDA022D702AD00168621 /* Resources */,
			);
			buildRules = (
			);
			dependencies = (
			);
			name = Todoey;
			productName = Todoey;
			productReference = 519BCDA222D702AD00168621 /* Todoey.app */;
			productType = "com.apple.product-type.application";
		};
/* End PBXNativeTarget section */

/* Begin PBXProject section */
		519BCD9A22D702AD00168621 /* Project object */ = {
			isa = PBXProject;
			attributes = {
				LastSwiftUpdateCheck = 1010;
				LastUpgradeCheck = 1010;
				ORGANIZATIONNAME = ZozShark;
				TargetAttributes = {
					519BCDA122D702AD00168621 = {
						CreatedOnToolsVersion = 10.1;
					};
				};
			};
			buildConfigurationList = 519BCD9D22D702AD00168621 /* Build configuration list for PBXProject "Todoey" */;
			compatibilityVersion = "Xcode 9.3";
			developmentRegion = en;
			hasScannedForEncodings = 0;
			knownRegions = (
				en,
				Base,
			);
			mainGroup = 519BCD9922D702AD00168621;
			productRefGroup = 519BCDA322D702AD00168621 /* Products */;
			projectDirPath = "";
			projectRoot = "";
			targets = (
				519BCDA122D702AD00168621 /* Todoey */,
			);
		};
/* End PBXProject section */

/* Begin PBXResourcesBuildPhase section */
		519BCDA022D702AD00168621 /* Resources */ = {
			isa = PBXResourcesBuildPhase;
			buildActionMask = 2147483647;
			files = (
				519BCDB022D702B000168621 /* LaunchScreen.storyboard in Resources */,
				519BCDAD22D702B000168621 /* Assets.xcassets in Resources */,
				519BCDAB22D702AD00168621 /* Main.storyboard in Resources */,
			);
			runOnlyForDeploymentPostprocessing = 0;
		};
/* End PBXResourcesBuildPhase section */

/* Begin PBXSourcesBuildPhase section */
		519BCD9E22D702AD00168621 /* Sources */ = {
			isa = PBXSourcesBuildPhase;
			buildActionMask = 2147483647;
			files = (
				519BCDA822D702AD00168621 /* TodoListVC.swift in Sources */,
				51B2DB6422DE9CFF002B6E1C /* DataModel.xcdatamodeld in Sources */,
				512C6D6622DC9B9900BC6C05 /* item.swift in Sources */,
				519BCDA622D702AD00168621 /* AppDelegate.swift in Sources */,
			);
			runOnlyForDeploymentPostprocessing = 0;
		};
/* End PBXSourcesBuildPhase section */

/* Begin PBXVariantGroup section */
		519BCDA922D702AD00168621 /* Main.storyboard */ = {
			isa = PBXVariantGroup;
			children = (
				519BCDAA22D702AD00168621 /* Base */,
			);
			name = Main.storyboard;
			sourceTree = "<group>";
		};
		519BCDAE22D702B000168621 /* LaunchScreen.storyboard */ = {
			isa = PBXVariantGroup;
			children = (
				519BCDAF22D702B000168621 /* Base */,
			);
			name = LaunchScreen.storyboard;
			sourceTree = "<group>";
		};
/* End PBXVariantGroup section */

/* Begin XCBuildConfiguration section */
		519BCDB222D702B000168621 /* Debug */ = {
			isa = XCBuildConfiguration;
			buildSettings = {
				ALWAYS_SEARCH_USER_PATHS = NO;
				CLANG_ANALYZER_NONNULL = YES;
				CLANG_ANALYZER_NUMBER_OBJECT_CONVERSION = YES_AGGRESSIVE;
				CLANG_CXX_LANGUAGE_STANDARD = "gnu++14";
				CLANG_CXX_LIBRARY = "libc++";
				CLANG_ENABLE_MODULES = YES;
				CLANG_ENABLE_OBJC_ARC = YES;
				CLANG_ENABLE_OBJC_WEAK = YES;
				CLANG_WARN_BLOCK_CAPTURE_AUTORELEASING = YES;
				CLANG_WARN_BOOL_CONVERSION = YES;
				CLANG_WARN_COMMA = YES;
				CLANG_WARN_CONSTANT_CONVERSION = YES;
				CLANG_WARN_DEPRECATED_OBJC_IMPLEMENTATIONS = YES;
				CLANG_WARN_DIRECT_OBJC_ISA_USAGE = YES_ERROR;
				CLANG_WARN_DOCUMENTATION_COMMENTS = YES;
				CLANG_WARN_EMPTY_BODY = YES;
				CLANG_WARN_ENUM_CONVERSION = YES;
				CLANG_WARN_INFINITE_RECURSION = YES;
				CLANG_WARN_INT_CONVERSION = YES;
				CLANG_WARN_NON_LITERAL_NULL_CONVERSION = YES;
				CLANG_WARN_OBJC_IMPLICIT_RETAIN_SELF = YES;
				CLANG_WARN_OBJC_LITERAL_CONVERSION = YES;
				CLANG_WARN_OBJC_ROOT_CLASS = YES_ERROR;
				CLANG_WARN_RANGE_LOOP_ANALYSIS = YES;
				CLANG_WARN_STRICT_PROTOTYPES = YES;
				CLANG_WARN_SUSPICIOUS_MOVE = YES;
				CLANG_WARN_UNGUARDED_AVAILABILITY = YES_AGGRESSIVE;
				CLANG_WARN_UNREACHABLE_CODE = YES;
				CLANG_WARN__DUPLICATE_METHOD_MATCH = YES;
				CODE_SIGN_IDENTITY = "iPhone Developer";
				COPY_PHASE_STRIP = NO;
				DEBUG_INFORMATION_FORMAT = dwarf;
				ENABLE_STRICT_OBJC_MSGSEND = YES;
				ENABLE_TESTABILITY = YES;
				GCC_C_LANGUAGE_STANDARD = gnu11;
				GCC_DYNAMIC_NO_PIC = NO;
				GCC_NO_COMMON_BLOCKS = YES;
				GCC_OPTIMIZATION_LEVEL = 0;
				GCC_PREPROCESSOR_DEFINITIONS = (
					"DEBUG=1",
					"$(inherited)",
				);
				GCC_WARN_64_TO_32_BIT_CONVERSION = YES;
				GCC_WARN_ABOUT_RETURN_TYPE = YES_ERROR;
				GCC_WARN_UNDECLARED_SELECTOR = YES;
				GCC_WARN_UNINITIALIZED_AUTOS = YES_AGGRESSIVE;
				GCC_WARN_UNUSED_FUNCTION = YES;
				GCC_WARN_UNUSED_VARIABLE = YES;
				IPHONEOS_DEPLOYMENT_TARGET = 12.1;
				MTL_ENABLE_DEBUG_INFO = INCLUDE_SOURCE;
				MTL_FAST_MATH = YES;
				ONLY_ACTIVE_ARCH = YES;
				SDKROOT = iphoneos;
				SWIFT_ACTIVE_COMPILATION_CONDITIONS = DEBUG;
				SWIFT_OPTIMIZATION_LEVEL = "-Onone";
			};
			name = Debug;
		};
		519BCDB322D702B000168621 /* Release */ = {
			isa = XCBuildConfiguration;
			buildSettings = {
				ALWAYS_SEARCH_USER_PATHS = NO;
				CLANG_ANALYZER_NONNULL = YES;
				CLANG_ANALYZER_NUMBER_OBJECT_CONVERSION = YES_AGGRESSIVE;
				CLANG_CXX_LANGUAGE_STANDARD = "gnu++14";
				CLANG_CXX_LIBRARY = "libc++";
				CLANG_ENABLE_MODULES = YES;
				CLANG_ENABLE_OBJC_ARC = YES;
				CLANG_ENABLE_OBJC_WEAK = YES;
				CLANG_WARN_BLOCK_CAPTURE_AUTORELEASING = YES;
				CLANG_WARN_BOOL_CONVERSION = YES;
				CLANG_WARN_COMMA = YES;
				CLANG_WARN_CONSTANT_CONVERSION = YES;
				CLANG_WARN_DEPRECATED_OBJC_IMPLEMENTATIONS = YES;
				CLANG_WARN_DIRECT_OBJC_ISA_USAGE = YES_ERROR;
				CLANG_WARN_DOCUMENTATION_COMMENTS = YES;
				CLANG_WARN_EMPTY_BODY = YES;
				CLANG_WARN_ENUM_CONVERSION = YES;
				CLANG_WARN_INFINITE_RECURSION = YES;
				CLANG_WARN_INT_CONVERSION = YES;
				CLANG_WARN_NON_LITERAL_NULL_CONVERSION = YES;
				CLANG_WARN_OBJC_IMPLICIT_RETAIN_SELF = YES;
				CLANG_WARN_OBJC_LITERAL_CONVERSION = YES;
				CLANG_WARN_OBJC_ROOT_CLASS = YES_ERROR;
				CLANG_WARN_RANGE_LOOP_ANALYSIS = YES;
				CLANG_WARN_STRICT_PROTOTYPES = YES;
				CLANG_WARN_SUSPICIOUS_MOVE = YES;
				CLANG_WARN_UNGUARDED_AVAILABILITY = YES_AGGRESSIVE;
				CLANG_WARN_UNREACHABLE_CODE = YES;
				CLANG_WARN__DUPLICATE_METHOD_MATCH = YES;
				CODE_SIGN_IDENTITY = "iPhone Developer";
				COPY_PHASE_STRIP = NO;
				DEBUG_INFORMATION_FORMAT = "dwarf-with-dsym";
				ENABLE_NS_ASSERTIONS = NO;
				ENABLE_STRICT_OBJC_MSGSEND = YES;
				GCC_C_LANGUAGE_STANDARD = gnu11;
				GCC_NO_COMMON_BLOCKS = YES;
				GCC_WARN_64_TO_32_BIT_CONVERSION = YES;
				GCC_WARN_ABOUT_RETURN_TYPE = YES_ERROR;
				GCC_WARN_UNDECLARED_SELECTOR = YES;
				GCC_WARN_UNINITIALIZED_AUTOS = YES_AGGRESSIVE;
				GCC_WARN_UNUSED_FUNCTION = YES;
				GCC_WARN_UNUSED_VARIABLE = YES;
				IPHONEOS_DEPLOYMENT_TARGET = 12.1;
				MTL_ENABLE_DEBUG_INFO = NO;
				MTL_FAST_MATH = YES;
				SDKROOT = iphoneos;
				SWIFT_COMPILATION_MODE = wholemodule;
				SWIFT_OPTIMIZATION_LEVEL = "-O";
				VALIDATE_PRODUCT = YES;
			};
			name = Release;
		};
		519BCDB522D702B000168621 /* Debug */ = {
			isa = XCBuildConfiguration;
			buildSettings = {
				ASSETCATALOG_COMPILER_APPICON_NAME = AppIcon;
				CODE_SIGN_STYLE = Automatic;
				DEVELOPMENT_TEAM = 2M47ZX75CB;
				INFOPLIST_FILE = Todoey/Info.plist;
				LD_RUNPATH_SEARCH_PATHS = (
					"$(inherited)",
					"@executable_path/Frameworks",
				);
				PRODUCT_BUNDLE_IDENTIFIER = com.ZozShark.Todoey;
				PRODUCT_NAME = "$(TARGET_NAME)";
				SWIFT_VERSION = 4.2;
				TARGETED_DEVICE_FAMILY = "1,2";
			};
			name = Debug;
		};
		519BCDB622D702B000168621 /* Release */ = {
			isa = XCBuildConfiguration;
			buildSettings = {
				ASSETCATALOG_COMPILER_APPICON_NAME = AppIcon;
				CODE_SIGN_STYLE = Automatic;
				DEVELOPMENT_TEAM = 2M47ZX75CB;
				INFOPLIST_FILE = Todoey/Info.plist;
				LD_RUNPATH_SEARCH_PATHS = (
					"$(inherited)",
					"@executable_path/Frameworks",
				);
				PRODUCT_BUNDLE_IDENTIFIER = com.ZozShark.Todoey;
				PRODUCT_NAME = "$(TARGET_NAME)";
				SWIFT_VERSION = 4.2;
				TARGETED_DEVICE_FAMILY = "1,2";
			};
			name = Release;
		};
/* End XCBuildConfiguration section */

/* Begin XCConfigurationList section */
		519BCD9D22D702AD00168621 /* Build configuration list for PBXProject "Todoey" */ = {
			isa = XCConfigurationList;
			buildConfigurations = (
				519BCDB222D702B000168621 /* Debug */,
				519BCDB322D702B000168621 /* Release */,
			);
			defaultConfigurationIsVisible = 0;
			defaultConfigurationName = Release;
		};
		519BCDB422D702B000168621 /* Build configuration list for PBXNativeTarget "Todoey" */ = {
			isa = XCConfigurationList;
			buildConfigurations = (
				519BCDB522D702B000168621 /* Debug */,
				519BCDB622D702B000168621 /* Release */,
			);
			defaultConfigurationIsVisible = 0;
			defaultConfigurationName = Release;
		};
/* End XCConfigurationList section */

/* Begin XCVersionGroup section */
		51B2DB6222DE9CFF002B6E1C /* DataModel.xcdatamodeld */ = {
			isa = XCVersionGroup;
			children = (
				51B2DB6322DE9CFF002B6E1C /* DataModel.xcdatamodel */,
			);
			currentVersion = 51B2DB6322DE9CFF002B6E1C /* DataModel.xcdatamodel */;
			path = DataModel.xcdatamodeld;
			sourceTree = "<group>";
			versionGroupType = wrapper.xcdatamodel;
		};
/* End XCVersionGroup section */
	};
	rootObject = 519BCD9A22D702AD00168621 /* Project object */;
}
